
Microsoft Visual Studio Solution File, Format Version 12.00
# Visual Studio Version 17
VisualStudioVersion = 17.7.33808.371
MinimumVisualStudioVersion = 10.0.40219.1
Project("{2150E333-8FDC-42A3-9474-1A3956D46DE8}") = "FrontEnd", "FrontEnd", "{8C3E9CEA-7E21-48D5-910F-A8BCD557573B}"
EndProject
Project("{2150E333-8FDC-42A3-9474-1A3956D46DE8}") = "Gateway", "Gateway", "{6D8CFCD8-3DFE-41FE-A73B-C215E65BC9EA}"
EndProject
Project("{2150E333-8FDC-42A3-9474-1A3956D46DE8}") = "Integration", "Integration", "{E342D12B-68E5-4CB3-8BD4-B08AC3ACAA07}"
EndProject
Project("{2150E333-8FDC-42A3-9474-1A3956D46DE8}") = "Services", "Services", "{7C37D5E5-AFCE-433A-8C26-0864FD67BE47}"
EndProject
Project("{9A19103F-16F7-4668-BE54-9A1E7A4F7556}") = "Mango.Services.CouponAPI", "Mango.Services.CouponAPI\Mango.Services.CouponAPI.csproj", "{A4EE096F-C75F-4C75-B3B9-59361961ED71}"
EndProject
Project("{9A19103F-16F7-4668-BE54-9A1E7A4F7556}") = "Mango.Web", "Mango.Web\Mango.Web.csproj", "{4F3E9881-83FC-4C1A-B2CA-D9B111480120}"
EndProject
Project("{9A19103F-16F7-4668-BE54-9A1E7A4F7556}") = "Mango.Services.AuthAPI", "Mango.Services.AuthAPI\Mango.Services.AuthAPI.csproj", "{1E5D291B-3ACA-40C7-BFC0-E6E3760397EA}"
EndProject
Project("{9A19103F-16F7-4668-BE54-9A1E7A4F7556}") = "Mango.Services.ProductAPI", "Mango.Services.ProductAPI\Mango.Services.ProductAPI.csproj", "{5E522433-FD30-4E11-B8D6-E503DE18A4BB}"
EndProject
Project("{9A19103F-16F7-4668-BE54-9A1E7A4F7556}") = "Mango.Services.ShoppingCartAPI", "Mango.Services.ShoppingCartAPI\Mango.Services.ShoppingCartAPI.csproj", "{AD14240A-171C-437C-9DBD-C653FC942944}"
EndProject
Project("{9A19103F-16F7-4668-BE54-9A1E7A4F7556}") = "Mango.MessageBus", "Mango.MessageBus\Mango.MessageBus.csproj", "{7136E3AA-CC75-48FC-8A3C-D3C503030D37}"
EndProject
Project("{9A19103F-16F7-4668-BE54-9A1E7A4F7556}") = "Mango.Services.EmailAPI", "Mango.Services.EmailAPI\Mango.Services.EmailAPI.csproj", "{E3934AEE-DA81-4F47-AE83-7C1B3E342CAB}"
EndProject
Project("{9A19103F-16F7-4668-BE54-9A1E7A4F7556}") = "Mango.Services.OrderAPI", "Mango.Services.OrderAPI\Mango.Services.OrderAPI.csproj", "{1CCC6930-B341-4748-AFA5-5A8C96E3D828}"
EndProject
Project("{9A19103F-16F7-4668-BE54-9A1E7A4F7556}") = "Mango.Services.RewardAPI", "Mango.Services.RewardAPI\Mango.Services.RewardAPI.csproj", "{4EFA3466-8309-44E3-AB1F-BAD118A37EB1}"
EndProject
Project("{FAE04EC0-301F-11D3-BF4B-00C04F79EFBC}") = "Mango.GatewaySolution", "Mango.GatewaySolution\Mango.GatewaySolution.csproj", "{F7092AFD-DF06-4B83-B8C9-32AE56EDD472}"
EndProject
Global
	GlobalSection(SolutionConfigurationPlatforms) = preSolution
		Debug|Any CPU = Debug|Any CPU
		Release|Any CPU = Release|Any CPU
	EndGlobalSection
	GlobalSection(ProjectConfigurationPlatforms) = postSolution
		{A4EE096F-C75F-4C75-B3B9-59361961ED71}.Debug|Any CPU.ActiveCfg = Debug|Any CPU
		{A4EE096F-C75F-4C75-B3B9-59361961ED71}.Debug|Any CPU.Build.0 = Debug|Any CPU
		{A4EE096F-C75F-4C75-B3B9-59361961ED71}.Release|Any CPU.ActiveCfg = Release|Any CPU
		{A4EE096F-C75F-4C75-B3B9-59361961ED71}.Release|Any CPU.Build.0 = Release|Any CPU
		{4F3E9881-83FC-4C1A-B2CA-D9B111480120}.Debug|Any CPU.ActiveCfg = Debug|Any CPU
		{4F3E9881-83FC-4C1A-B2CA-D9B111480120}.Debug|Any CPU.Build.0 = Debug|Any CPU
		{4F3E9881-83FC-4C1A-B2CA-D9B111480120}.Release|Any CPU.ActiveCfg = Release|Any CPU
		{4F3E9881-83FC-4C1A-B2CA-D9B111480120}.Release|Any CPU.Build.0 = Release|Any CPU
		{1E5D291B-3ACA-40C7-BFC0-E6E3760397EA}.Debug|Any CPU.ActiveCfg = Debug|Any CPU
		{1E5D291B-3ACA-40C7-BFC0-E6E3760397EA}.Debug|Any CPU.Build.0 = Debug|Any CPU
		{1E5D291B-3ACA-40C7-BFC0-E6E3760397EA}.Release|Any CPU.ActiveCfg = Release|Any CPU
		{1E5D291B-3ACA-40C7-BFC0-E6E3760397EA}.Release|Any CPU.Build.0 = Release|Any CPU
		{5E522433-FD30-4E11-B8D6-E503DE18A4BB}.Debug|Any CPU.ActiveCfg = Debug|Any CPU
		{5E522433-FD30-4E11-B8D6-E503DE18A4BB}.Debug|Any CPU.Build.0 = Debug|Any CPU
		{5E522433-FD30-4E11-B8D6-E503DE18A4BB}.Release|Any CPU.ActiveCfg = Release|Any CPU
		{5E522433-FD30-4E11-B8D6-E503DE18A4BB}.Release|Any CPU.Build.0 = Release|Any CPU
		{AD14240A-171C-437C-9DBD-C653FC942944}.Debug|Any CPU.ActiveCfg = Debug|Any CPU
		{AD14240A-171C-437C-9DBD-C653FC942944}.Debug|Any CPU.Build.0 = Debug|Any CPU
		{AD14240A-171C-437C-9DBD-C653FC942944}.Release|Any CPU.ActiveCfg = Release|Any CPU
		{AD14240A-171C-437C-9DBD-C653FC942944}.Release|Any CPU.Build.0 = Release|Any CPU
		{7136E3AA-CC75-48FC-8A3C-D3C503030D37}.Debug|Any CPU.ActiveCfg = Debug|Any CPU
		{7136E3AA-CC75-48FC-8A3C-D3C503030D37}.Debug|Any CPU.Build.0 = Debug|Any CPU
		{7136E3AA-CC75-48FC-8A3C-D3C503030D37}.Release|Any CPU.ActiveCfg = Release|Any CPU
		{7136E3AA-CC75-48FC-8A3C-D3C503030D37}.Release|Any CPU.Build.0 = Release|Any CPU
		{E3934AEE-DA81-4F47-AE83-7C1B3E342CAB}.Debug|Any CPU.ActiveCfg = Debug|Any CPU
		{E3934AEE-DA81-4F47-AE83-7C1B3E342CAB}.Debug|Any CPU.Build.0 = Debug|Any CPU
		{E3934AEE-DA81-4F47-AE83-7C1B3E342CAB}.Release|Any CPU.ActiveCfg = Release|Any CPU
		{E3934AEE-DA81-4F47-AE83-7C1B3E342CAB}.Release|Any CPU.Build.0 = Release|Any CPU
		{1CCC6930-B341-4748-AFA5-5A8C96E3D828}.Debug|Any CPU.ActiveCfg = Debug|Any CPU
		{1CCC6930-B341-4748-AFA5-5A8C96E3D828}.Debug|Any CPU.Build.0 = Debug|Any CPU
		{1CCC6930-B341-4748-AFA5-5A8C96E3D828}.Release|Any CPU.ActiveCfg = Release|Any CPU
		{1CCC6930-B341-4748-AFA5-5A8C96E3D828}.Release|Any CPU.Build.0 = Release|Any CPU
		{4EFA3466-8309-44E3-AB1F-BAD118A37EB1}.Debug|Any CPU.ActiveCfg = Debug|Any CPU
		{4EFA3466-8309-44E3-AB1F-BAD118A37EB1}.Debug|Any CPU.Build.0 = Debug|Any CPU
		{4EFA3466-8309-44E3-AB1F-BAD118A37EB1}.Release|Any CPU.ActiveCfg = Release|Any CPU
		{4EFA3466-8309-44E3-AB1F-BAD118A37EB1}.Release|Any CPU.Build.0 = Release|Any CPU
		{F7092AFD-DF06-4B83-B8C9-32AE56EDD472}.Debug|Any CPU.ActiveCfg = Debug|Any CPU
		{F7092AFD-DF06-4B83-B8C9-32AE56EDD472}.Debug|Any CPU.Build.0 = Debug|Any CPU
		{F7092AFD-DF06-4B83-B8C9-32AE56EDD472}.Release|Any CPU.ActiveCfg = Release|Any CPU
		{F7092AFD-DF06-4B83-B8C9-32AE56EDD472}.Release|Any CPU.Build.0 = Release|Any CPU
	EndGlobalSection
	GlobalSection(SolutionProperties) = preSolution
		HideSolutionNode = FALSE
	EndGlobalSection
	GlobalSection(NestedProjects) = preSolution
		{A4EE096F-C75F-4C75-B3B9-59361961ED71} = {7C37D5E5-AFCE-433A-8C26-0864FD67BE47}
		{4F3E9881-83FC-4C1A-B2CA-D9B111480120} = {8C3E9CEA-7E21-48D5-910F-A8BCD557573B}
		{1E5D291B-3ACA-40C7-BFC0-E6E3760397EA} = {7C37D5E5-AFCE-433A-8C26-0864FD67BE47}
		{5E522433-FD30-4E11-B8D6-E503DE18A4BB} = {7C37D5E5-AFCE-433A-8C26-0864FD67BE47}
		{AD14240A-171C-437C-9DBD-C653FC942944} = {7C37D5E5-AFCE-433A-8C26-0864FD67BE47}
		{7136E3AA-CC75-48FC-8A3C-D3C503030D37} = {E342D12B-68E5-4CB3-8BD4-B08AC3ACAA07}
		{E3934AEE-DA81-4F47-AE83-7C1B3E342CAB} = {7C37D5E5-AFCE-433A-8C26-0864FD67BE47}
		{1CCC6930-B341-4748-AFA5-5A8C96E3D828} = {7C37D5E5-AFCE-433A-8C26-0864FD67BE47}
		{4EFA3466-8309-44E3-AB1F-BAD118A37EB1} = {7C37D5E5-AFCE-433A-8C26-0864FD67BE47}
		{F7092AFD-DF06-4B83-B8C9-32AE56EDD472} = {6D8CFCD8-3DFE-41FE-A73B-C215E65BC9EA}
	EndGlobalSection
	GlobalSection(ExtensibilityGlobals) = postSolution
		SolutionGuid = {0CE1222E-FC17-4C74-A115-C1C103D7DC5B}
	EndGlobalSection
EndGlobal
